
Microsoft Visual Studio Solution File, Format Version 12.00
# Visual Studio Version 16
VisualStudioVersion = 16.0.30320.27
MinimumVisualStudioVersion = 10.0.40219.1
Project("{2150E333-8FDC-42A3-9474-1A3956D46DE8}") = "src", "src", "{B6CBFDA0-1BD6-43C3-9F96-7344816B740C}"
EndProject
Project("{2150E333-8FDC-42A3-9474-1A3956D46DE8}") = "Catalog", "Catalog", "{83CB6BB6-CCB7-49A5-BEE0-A39C5E547FA8}"
EndProject
Project("{9A19103F-16F7-4668-BE54-9A1E7A4F7556}") = "Catalog.API", "src\Catalog\Catalog.API\Catalog.API.csproj", "{CEFE131C-1615-4038-BCCB-03676B29D8C0}"
EndProject
Project("{E53339B2-1760-4266-BCC7-CA923CBCF16C}") = "docker-compose", "docker-compose.dcproj", "{74CDCF1F-288F-46AA-9342-60ACBBABDEE7}"
EndProject
Project("{2150E333-8FDC-42A3-9474-1A3956D46DE8}") = "Basket", "Basket", "{996EF223-04AE-4C49-9868-2F1CFCAB14D8}"
EndProject
Project("{9A19103F-16F7-4668-BE54-9A1E7A4F7556}") = "Basket.API", "src\Basket\Basket.API\Basket.API.csproj", "{F9BDE254-F933-4784-8D05-0595356B342E}"
EndProject
Project("{2150E333-8FDC-42A3-9474-1A3956D46DE8}") = "Common", "Common", "{E6A9F73A-0880-4FAE-A0D6-F6271B54F665}"
EndProject
Project("{9A19103F-16F7-4668-BE54-9A1E7A4F7556}") = "EventBusRabbitMQ", "src\Common\EventBusRabbitMQ\EventBusRabbitMQ.csproj", "{529EC82A-F266-46A5-B54D-9C04E90DB02D}"
EndProject
Project("{2150E333-8FDC-42A3-9474-1A3956D46DE8}") = "Ordering", "Ordering", "{AD6AA84F-6742-4FD8-8B82-788E067E4925}"
EndProject
Project("{FAE04EC0-301F-11D3-BF4B-00C04F79EFBC}") = "Ordering.API", "src\Ordering\Ordering.API\Ordering.API.csproj", "{7B6DF93F-73FF-4F8F-9CA6-0EC125FE49BE}"
EndProject
Project("{FAE04EC0-301F-11D3-BF4B-00C04F79EFBC}") = "Ordering.Core", "src\Ordering\Ordering.Core\Ordering.Core.csproj", "{7F70B54D-B992-4D9D-969C-6450926663D7}"
EndProject
Project("{FAE04EC0-301F-11D3-BF4B-00C04F79EFBC}") = "Ordering.Infrastructure", "src\Ordering\Ordering.Infrastructure\Ordering.Infrastructure.csproj", "{089E2DD6-2538-4319-A3B9-C0C188D51E6A}"
EndProject
Project("{FAE04EC0-301F-11D3-BF4B-00C04F79EFBC}") = "Ordering.Application", "src\Ordering\Ordering.Application\Ordering.Application.csproj", "{AA2A39B6-FCC4-4FD9-BB26-2A0C2DD5777D}"
EndProject
Project("{2150E333-8FDC-42A3-9474-1A3956D46DE8}") = "ApiGateway", "ApiGateway", "{70659966-40D7-47DF-881A-C0F7ABB6D706}"
EndProject
Project("{FAE04EC0-301F-11D3-BF4B-00C04F79EFBC}") = "OcelotAPIGateway", "src\ApiGateway\OcelotAPIGateway\OcelotAPIGateway.csproj", "{77ACDCC4-9AA5-4FFA-9D4D-64DC437F466C}"
EndProject
Global
	GlobalSection(SolutionConfigurationPlatforms) = preSolution
		Debug|Any CPU = Debug|Any CPU
		Release|Any CPU = Release|Any CPU
	EndGlobalSection
	GlobalSection(ProjectConfigurationPlatforms) = postSolution
		{CEFE131C-1615-4038-BCCB-03676B29D8C0}.Debug|Any CPU.ActiveCfg = Debug|Any CPU
		{CEFE131C-1615-4038-BCCB-03676B29D8C0}.Debug|Any CPU.Build.0 = Debug|Any CPU
		{CEFE131C-1615-4038-BCCB-03676B29D8C0}.Release|Any CPU.ActiveCfg = Release|Any CPU
		{CEFE131C-1615-4038-BCCB-03676B29D8C0}.Release|Any CPU.Build.0 = Release|Any CPU
		{74CDCF1F-288F-46AA-9342-60ACBBABDEE7}.Debug|Any CPU.ActiveCfg = Debug|Any CPU
		{74CDCF1F-288F-46AA-9342-60ACBBABDEE7}.Debug|Any CPU.Build.0 = Debug|Any CPU
		{74CDCF1F-288F-46AA-9342-60ACBBABDEE7}.Release|Any CPU.ActiveCfg = Release|Any CPU
		{74CDCF1F-288F-46AA-9342-60ACBBABDEE7}.Release|Any CPU.Build.0 = Release|Any CPU
		{F9BDE254-F933-4784-8D05-0595356B342E}.Debug|Any CPU.ActiveCfg = Debug|Any CPU
		{F9BDE254-F933-4784-8D05-0595356B342E}.Debug|Any CPU.Build.0 = Debug|Any CPU
		{F9BDE254-F933-4784-8D05-0595356B342E}.Release|Any CPU.ActiveCfg = Release|Any CPU
		{F9BDE254-F933-4784-8D05-0595356B342E}.Release|Any CPU.Build.0 = Release|Any CPU
		{529EC82A-F266-46A5-B54D-9C04E90DB02D}.Debug|Any CPU.ActiveCfg = Debug|Any CPU
		{529EC82A-F266-46A5-B54D-9C04E90DB02D}.Debug|Any CPU.Build.0 = Debug|Any CPU
		{529EC82A-F266-46A5-B54D-9C04E90DB02D}.Release|Any CPU.ActiveCfg = Release|Any CPU
		{529EC82A-F266-46A5-B54D-9C04E90DB02D}.Release|Any CPU.Build.0 = Release|Any CPU
		{7B6DF93F-73FF-4F8F-9CA6-0EC125FE49BE}.Debug|Any CPU.ActiveCfg = Debug|Any CPU
		{7B6DF93F-73FF-4F8F-9CA6-0EC125FE49BE}.Debug|Any CPU.Build.0 = Debug|Any CPU
		{7B6DF93F-73FF-4F8F-9CA6-0EC125FE49BE}.Release|Any CPU.ActiveCfg = Release|Any CPU
		{7B6DF93F-73FF-4F8F-9CA6-0EC125FE49BE}.Release|Any CPU.Build.0 = Release|Any CPU
		{7F70B54D-B992-4D9D-969C-6450926663D7}.Debug|Any CPU.ActiveCfg = Debug|Any CPU
		{7F70B54D-B992-4D9D-969C-6450926663D7}.Debug|Any CPU.Build.0 = Debug|Any CPU
		{7F70B54D-B992-4D9D-969C-6450926663D7}.Release|Any CPU.ActiveCfg = Release|Any CPU
		{7F70B54D-B992-4D9D-969C-6450926663D7}.Release|Any CPU.Build.0 = Release|Any CPU
		{089E2DD6-2538-4319-A3B9-C0C188D51E6A}.Debug|Any CPU.ActiveCfg = Debug|Any CPU
		{089E2DD6-2538-4319-A3B9-C0C188D51E6A}.Debug|Any CPU.Build.0 = Debug|Any CPU
		{089E2DD6-2538-4319-A3B9-C0C188D51E6A}.Release|Any CPU.ActiveCfg = Release|Any CPU
		{089E2DD6-2538-4319-A3B9-C0C188D51E6A}.Release|Any CPU.Build.0 = Release|Any CPU
		{AA2A39B6-FCC4-4FD9-BB26-2A0C2DD5777D}.Debug|Any CPU.ActiveCfg = Debug|Any CPU
		{AA2A39B6-FCC4-4FD9-BB26-2A0C2DD5777D}.Debug|Any CPU.Build.0 = Debug|Any CPU
		{AA2A39B6-FCC4-4FD9-BB26-2A0C2DD5777D}.Release|Any CPU.ActiveCfg = Release|Any CPU
		{AA2A39B6-FCC4-4FD9-BB26-2A0C2DD5777D}.Release|Any CPU.Build.0 = Release|Any CPU
		{77ACDCC4-9AA5-4FFA-9D4D-64DC437F466C}.Debug|Any CPU.ActiveCfg = Debug|Any CPU
		{77ACDCC4-9AA5-4FFA-9D4D-64DC437F466C}.Debug|Any CPU.Build.0 = Debug|Any CPU
		{77ACDCC4-9AA5-4FFA-9D4D-64DC437F466C}.Release|Any CPU.ActiveCfg = Release|Any CPU
		{77ACDCC4-9AA5-4FFA-9D4D-64DC437F466C}.Release|Any CPU.Build.0 = Release|Any CPU
	EndGlobalSection
	GlobalSection(SolutionProperties) = preSolution
		HideSolutionNode = FALSE
	EndGlobalSection
	GlobalSection(NestedProjects) = preSolution
		{83CB6BB6-CCB7-49A5-BEE0-A39C5E547FA8} = {B6CBFDA0-1BD6-43C3-9F96-7344816B740C}
		{CEFE131C-1615-4038-BCCB-03676B29D8C0} = {83CB6BB6-CCB7-49A5-BEE0-A39C5E547FA8}
		{996EF223-04AE-4C49-9868-2F1CFCAB14D8} = {B6CBFDA0-1BD6-43C3-9F96-7344816B740C}
		{F9BDE254-F933-4784-8D05-0595356B342E} = {996EF223-04AE-4C49-9868-2F1CFCAB14D8}
		{E6A9F73A-0880-4FAE-A0D6-F6271B54F665} = {B6CBFDA0-1BD6-43C3-9F96-7344816B740C}
		{529EC82A-F266-46A5-B54D-9C04E90DB02D} = {E6A9F73A-0880-4FAE-A0D6-F6271B54F665}
		{AD6AA84F-6742-4FD8-8B82-788E067E4925} = {B6CBFDA0-1BD6-43C3-9F96-7344816B740C}
		{7B6DF93F-73FF-4F8F-9CA6-0EC125FE49BE} = {AD6AA84F-6742-4FD8-8B82-788E067E4925}
		{7F70B54D-B992-4D9D-969C-6450926663D7} = {AD6AA84F-6742-4FD8-8B82-788E067E4925}
		{089E2DD6-2538-4319-A3B9-C0C188D51E6A} = {AD6AA84F-6742-4FD8-8B82-788E067E4925}
		{AA2A39B6-FCC4-4FD9-BB26-2A0C2DD5777D} = {AD6AA84F-6742-4FD8-8B82-788E067E4925}
		{70659966-40D7-47DF-881A-C0F7ABB6D706} = {B6CBFDA0-1BD6-43C3-9F96-7344816B740C}
		{77ACDCC4-9AA5-4FFA-9D4D-64DC437F466C} = {70659966-40D7-47DF-881A-C0F7ABB6D706}
	EndGlobalSection
	GlobalSection(ExtensibilityGlobals) = postSolution
		SolutionGuid = {E0734037-8EE1-4634-B882-68ECAC583CA5}
	EndGlobalSection
EndGlobal
